
Microsoft Visual Studio Solution File, Format Version 12.00
# Visual Studio Version 16
VisualStudioVersion = 16.0.29509.3
MinimumVisualStudioVersion = 10.0.40219.1
Project("{2150E333-8FDC-42A3-9474-1A3956D46DE8}") = "DataAcess", "DataAcess", "{20B4967C-A8A7-4393-ABDF-E1B0F1979193}"
EndProject
Project("{2150E333-8FDC-42A3-9474-1A3956D46DE8}") = "Console", "Console", "{D5435E2C-5232-4D94-91DE-6FC9D6CE0E20}"
EndProject
Project("{9A19103F-16F7-4668-BE54-9A1E7A4F7556}") = "ConsoleApp", "ConsoleApp\ConsoleApp.csproj", "{F0701297-62BD-4358-A43C-3BD877BB2622}"
EndProject
Project("{2150E333-8FDC-42A3-9474-1A3956D46DE8}") = "WebUi", "WebUi", "{32D97617-B742-49AA-ACE3-B822032473FD}"
EndProject
Project("{2150E333-8FDC-42A3-9474-1A3956D46DE8}") = "Entities", "Entities", "{FD0C34AB-9BAB-4662-AAD1-CA4BA831BCDA}"
EndProject
Project("{2150E333-8FDC-42A3-9474-1A3956D46DE8}") = "Repositories", "Repositories", "{B7836777-8088-4335-85FE-932BB06E221F}"
EndProject
Project("{9A19103F-16F7-4668-BE54-9A1E7A4F7556}") = "TraPa.DataAccess.Repositories.Impl", "DataAccess\Repositories\Impl\TraPa.DataAccess.Repositories.Impl.csproj", "{0B3A0854-042A-4488-A70E-E22982136E72}"
EndProject
Project("{9A19103F-16F7-4668-BE54-9A1E7A4F7556}") = "TraPa.DataAccess.Repositories.Public", "DataAccess\Repositories\Public\TraPa.DataAccess.Repositories.Public.csproj", "{D5096B5F-E552-4B89-B904-045C82882CDD}"
EndProject
Project("{9A19103F-16F7-4668-BE54-9A1E7A4F7556}") = "TraPa.DataAccess.EFCore.Impl", "DataAccess\Entities\Impl\TraPa.DataAccess.EFCore.Impl.csproj", "{5B1C40E9-F53C-4B96-8266-11BB2CFF8F47}"
EndProject
Project("{9A19103F-16F7-4668-BE54-9A1E7A4F7556}") = "TraPa.DataAccess.EFCore.Public", "DataAccess\Entities\Public\TraPa.DataAccess.EFCore.Public.csproj", "{4A3058DF-3986-4A4F-8B30-C6CE43EEC9BC}"
EndProject
Project("{2150E333-8FDC-42A3-9474-1A3956D46DE8}") = "Entities", "Entities", "{56E585AB-BFF9-4AC3-ABE6-FFBAD0B4F466}"
EndProject
Project("{9A19103F-16F7-4668-BE54-9A1E7A4F7556}") = "TraPa.Entities.Public", "Entities\Public\TraPa.Entities.Public.csproj", "{966D59CC-7E6C-4CB5-97F5-6ACB9F25359F}"
EndProject
Project("{9A19103F-16F7-4668-BE54-9A1E7A4F7556}") = "TraPa.Entities.Impl", "Entities\Impl\TraPa.Entities.Impl.csproj", "{CF849BA5-C14B-40A3-BAFB-722543F6AF6C}"
EndProject
Project("{9A19103F-16F7-4668-BE54-9A1E7A4F7556}") = "TraPa.DataAccess.Repositories.Impl.Test", "DataAccess\Repositories\Test\TraPa.DataAccess.Repositories.Impl.Test.csproj", "{C332ECAC-E34A-4BC4-B9B6-E5A973919D9E}"
EndProject
Project("{2150E333-8FDC-42A3-9474-1A3956D46DE8}") = "Model", "Model", "{5FEFA5DF-4E8E-487F-8AB0-FC8F398B6D17}"
EndProject
Project("{9A19103F-16F7-4668-BE54-9A1E7A4F7556}") = "TraPa.Models.Impl", "Models\Impl\TraPa.Models.Impl.csproj", "{F6D03FC5-7312-4D61-BE90-3F47CBF0C6F3}"
EndProject
Project("{9A19103F-16F7-4668-BE54-9A1E7A4F7556}") = "TraPa.Models.Public", "Models\Public\TraPa.Models.Public.csproj", "{9620BE2D-0F24-4499-9B1A-36313E06A67D}"
EndProject
Project("{9A19103F-16F7-4668-BE54-9A1E7A4F7556}") = "TraPa.Models.Impl.Test", "Models\Impl.Test\TraPa.Models.Impl.Test.csproj", "{EDF3B671-05C9-49E3-B6F7-32F5A733DAEE}"
EndProject
Project("{FAE04EC0-301F-11D3-BF4B-00C04F79EFBC}") = "WebUI.Console", "WebUI\Processes\WebUI.Console\WebUI.Console.csproj", "{EC1705CB-469A-417D-8F2C-5A15DDAFAD73}"
EndProject
Global
	GlobalSection(SolutionConfigurationPlatforms) = preSolution
		Debug|Any CPU = Debug|Any CPU
		Debug|x64 = Debug|x64
		Release|Any CPU = Release|Any CPU
		Release|x64 = Release|x64
	EndGlobalSection
	GlobalSection(ProjectConfigurationPlatforms) = postSolution
		{F0701297-62BD-4358-A43C-3BD877BB2622}.Debug|Any CPU.ActiveCfg = Debug|Any CPU
		{F0701297-62BD-4358-A43C-3BD877BB2622}.Debug|Any CPU.Build.0 = Debug|Any CPU
		{F0701297-62BD-4358-A43C-3BD877BB2622}.Debug|x64.ActiveCfg = Debug|x64
		{F0701297-62BD-4358-A43C-3BD877BB2622}.Debug|x64.Build.0 = Debug|x64
		{F0701297-62BD-4358-A43C-3BD877BB2622}.Release|Any CPU.ActiveCfg = Release|Any CPU
		{F0701297-62BD-4358-A43C-3BD877BB2622}.Release|Any CPU.Build.0 = Release|Any CPU
		{F0701297-62BD-4358-A43C-3BD877BB2622}.Release|x64.ActiveCfg = Release|x64
		{F0701297-62BD-4358-A43C-3BD877BB2622}.Release|x64.Build.0 = Release|x64
		{0B3A0854-042A-4488-A70E-E22982136E72}.Debug|Any CPU.ActiveCfg = Debug|Any CPU
		{0B3A0854-042A-4488-A70E-E22982136E72}.Debug|Any CPU.Build.0 = Debug|Any CPU
		{0B3A0854-042A-4488-A70E-E22982136E72}.Debug|x64.ActiveCfg = Debug|Any CPU
		{0B3A0854-042A-4488-A70E-E22982136E72}.Debug|x64.Build.0 = Debug|Any CPU
		{0B3A0854-042A-4488-A70E-E22982136E72}.Release|Any CPU.ActiveCfg = Release|Any CPU
		{0B3A0854-042A-4488-A70E-E22982136E72}.Release|Any CPU.Build.0 = Release|Any CPU
		{0B3A0854-042A-4488-A70E-E22982136E72}.Release|x64.ActiveCfg = Release|Any CPU
		{0B3A0854-042A-4488-A70E-E22982136E72}.Release|x64.Build.0 = Release|Any CPU
		{D5096B5F-E552-4B89-B904-045C82882CDD}.Debug|Any CPU.ActiveCfg = Debug|Any CPU
		{D5096B5F-E552-4B89-B904-045C82882CDD}.Debug|Any CPU.Build.0 = Debug|Any CPU
		{D5096B5F-E552-4B89-B904-045C82882CDD}.Debug|x64.ActiveCfg = Debug|Any CPU
		{D5096B5F-E552-4B89-B904-045C82882CDD}.Debug|x64.Build.0 = Debug|Any CPU
		{D5096B5F-E552-4B89-B904-045C82882CDD}.Release|Any CPU.ActiveCfg = Release|Any CPU
		{D5096B5F-E552-4B89-B904-045C82882CDD}.Release|Any CPU.Build.0 = Release|Any CPU
		{D5096B5F-E552-4B89-B904-045C82882CDD}.Release|x64.ActiveCfg = Release|Any CPU
		{D5096B5F-E552-4B89-B904-045C82882CDD}.Release|x64.Build.0 = Release|Any CPU
		{5B1C40E9-F53C-4B96-8266-11BB2CFF8F47}.Debug|Any CPU.ActiveCfg = Debug|Any CPU
		{5B1C40E9-F53C-4B96-8266-11BB2CFF8F47}.Debug|Any CPU.Build.0 = Debug|Any CPU
		{5B1C40E9-F53C-4B96-8266-11BB2CFF8F47}.Debug|x64.ActiveCfg = Debug|Any CPU
		{5B1C40E9-F53C-4B96-8266-11BB2CFF8F47}.Debug|x64.Build.0 = Debug|Any CPU
		{5B1C40E9-F53C-4B96-8266-11BB2CFF8F47}.Release|Any CPU.ActiveCfg = Release|Any CPU
		{5B1C40E9-F53C-4B96-8266-11BB2CFF8F47}.Release|Any CPU.Build.0 = Release|Any CPU
		{5B1C40E9-F53C-4B96-8266-11BB2CFF8F47}.Release|x64.ActiveCfg = Release|Any CPU
		{5B1C40E9-F53C-4B96-8266-11BB2CFF8F47}.Release|x64.Build.0 = Release|Any CPU
		{4A3058DF-3986-4A4F-8B30-C6CE43EEC9BC}.Debug|Any CPU.ActiveCfg = Debug|Any CPU
		{4A3058DF-3986-4A4F-8B30-C6CE43EEC9BC}.Debug|Any CPU.Build.0 = Debug|Any CPU
		{4A3058DF-3986-4A4F-8B30-C6CE43EEC9BC}.Debug|x64.ActiveCfg = Debug|Any CPU
		{4A3058DF-3986-4A4F-8B30-C6CE43EEC9BC}.Debug|x64.Build.0 = Debug|Any CPU
		{4A3058DF-3986-4A4F-8B30-C6CE43EEC9BC}.Release|Any CPU.ActiveCfg = Release|Any CPU
		{4A3058DF-3986-4A4F-8B30-C6CE43EEC9BC}.Release|Any CPU.Build.0 = Release|Any CPU
		{4A3058DF-3986-4A4F-8B30-C6CE43EEC9BC}.Release|x64.ActiveCfg = Release|Any CPU
		{4A3058DF-3986-4A4F-8B30-C6CE43EEC9BC}.Release|x64.Build.0 = Release|Any CPU
		{966D59CC-7E6C-4CB5-97F5-6ACB9F25359F}.Debug|Any CPU.ActiveCfg = Debug|Any CPU
		{966D59CC-7E6C-4CB5-97F5-6ACB9F25359F}.Debug|Any CPU.Build.0 = Debug|Any CPU
		{966D59CC-7E6C-4CB5-97F5-6ACB9F25359F}.Debug|x64.ActiveCfg = Debug|Any CPU
		{966D59CC-7E6C-4CB5-97F5-6ACB9F25359F}.Debug|x64.Build.0 = Debug|Any CPU
		{966D59CC-7E6C-4CB5-97F5-6ACB9F25359F}.Release|Any CPU.ActiveCfg = Release|Any CPU
		{966D59CC-7E6C-4CB5-97F5-6ACB9F25359F}.Release|Any CPU.Build.0 = Release|Any CPU
		{966D59CC-7E6C-4CB5-97F5-6ACB9F25359F}.Release|x64.ActiveCfg = Release|Any CPU
		{966D59CC-7E6C-4CB5-97F5-6ACB9F25359F}.Release|x64.Build.0 = Release|Any CPU
		{CF849BA5-C14B-40A3-BAFB-722543F6AF6C}.Debug|Any CPU.ActiveCfg = Debug|Any CPU
		{CF849BA5-C14B-40A3-BAFB-722543F6AF6C}.Debug|Any CPU.Build.0 = Debug|Any CPU
		{CF849BA5-C14B-40A3-BAFB-722543F6AF6C}.Debug|x64.ActiveCfg = Debug|Any CPU
		{CF849BA5-C14B-40A3-BAFB-722543F6AF6C}.Debug|x64.Build.0 = Debug|Any CPU
		{CF849BA5-C14B-40A3-BAFB-722543F6AF6C}.Release|Any CPU.ActiveCfg = Release|Any CPU
		{CF849BA5-C14B-40A3-BAFB-722543F6AF6C}.Release|Any CPU.Build.0 = Release|Any CPU
		{CF849BA5-C14B-40A3-BAFB-722543F6AF6C}.Release|x64.ActiveCfg = Release|Any CPU
		{CF849BA5-C14B-40A3-BAFB-722543F6AF6C}.Release|x64.Build.0 = Release|Any CPU
		{C332ECAC-E34A-4BC4-B9B6-E5A973919D9E}.Debug|Any CPU.ActiveCfg = Debug|Any CPU
		{C332ECAC-E34A-4BC4-B9B6-E5A973919D9E}.Debug|Any CPU.Build.0 = Debug|Any CPU
		{C332ECAC-E34A-4BC4-B9B6-E5A973919D9E}.Debug|x64.ActiveCfg = Debug|Any CPU
		{C332ECAC-E34A-4BC4-B9B6-E5A973919D9E}.Debug|x64.Build.0 = Debug|Any CPU
		{C332ECAC-E34A-4BC4-B9B6-E5A973919D9E}.Release|Any CPU.ActiveCfg = Release|Any CPU
		{C332ECAC-E34A-4BC4-B9B6-E5A973919D9E}.Release|Any CPU.Build.0 = Release|Any CPU
		{C332ECAC-E34A-4BC4-B9B6-E5A973919D9E}.Release|x64.ActiveCfg = Release|Any CPU
		{C332ECAC-E34A-4BC4-B9B6-E5A973919D9E}.Release|x64.Build.0 = Release|Any CPU
		{F6D03FC5-7312-4D61-BE90-3F47CBF0C6F3}.Debug|Any CPU.ActiveCfg = Debug|Any CPU
		{F6D03FC5-7312-4D61-BE90-3F47CBF0C6F3}.Debug|Any CPU.Build.0 = Debug|Any CPU
		{F6D03FC5-7312-4D61-BE90-3F47CBF0C6F3}.Debug|x64.ActiveCfg = Debug|Any CPU
		{F6D03FC5-7312-4D61-BE90-3F47CBF0C6F3}.Debug|x64.Build.0 = Debug|Any CPU
		{F6D03FC5-7312-4D61-BE90-3F47CBF0C6F3}.Release|Any CPU.ActiveCfg = Release|Any CPU
		{F6D03FC5-7312-4D61-BE90-3F47CBF0C6F3}.Release|Any CPU.Build.0 = Release|Any CPU
		{F6D03FC5-7312-4D61-BE90-3F47CBF0C6F3}.Release|x64.ActiveCfg = Release|Any CPU
		{F6D03FC5-7312-4D61-BE90-3F47CBF0C6F3}.Release|x64.Build.0 = Release|Any CPU
		{9620BE2D-0F24-4499-9B1A-36313E06A67D}.Debug|Any CPU.ActiveCfg = Debug|Any CPU
		{9620BE2D-0F24-4499-9B1A-36313E06A67D}.Debug|Any CPU.Build.0 = Debug|Any CPU
		{9620BE2D-0F24-4499-9B1A-36313E06A67D}.Debug|x64.ActiveCfg = Debug|Any CPU
		{9620BE2D-0F24-4499-9B1A-36313E06A67D}.Debug|x64.Build.0 = Debug|Any CPU
		{9620BE2D-0F24-4499-9B1A-36313E06A67D}.Release|Any CPU.ActiveCfg = Release|Any CPU
		{9620BE2D-0F24-4499-9B1A-36313E06A67D}.Release|Any CPU.Build.0 = Release|Any CPU
		{9620BE2D-0F24-4499-9B1A-36313E06A67D}.Release|x64.ActiveCfg = Release|Any CPU
		{9620BE2D-0F24-4499-9B1A-36313E06A67D}.Release|x64.Build.0 = Release|Any CPU
		{EDF3B671-05C9-49E3-B6F7-32F5A733DAEE}.Debug|Any CPU.ActiveCfg = Debug|Any CPU
		{EDF3B671-05C9-49E3-B6F7-32F5A733DAEE}.Debug|Any CPU.Build.0 = Debug|Any CPU
		{EDF3B671-05C9-49E3-B6F7-32F5A733DAEE}.Debug|x64.ActiveCfg = Debug|Any CPU
		{EDF3B671-05C9-49E3-B6F7-32F5A733DAEE}.Debug|x64.Build.0 = Debug|Any CPU
		{EDF3B671-05C9-49E3-B6F7-32F5A733DAEE}.Release|Any CPU.ActiveCfg = Release|Any CPU
		{EDF3B671-05C9-49E3-B6F7-32F5A733DAEE}.Release|Any CPU.Build.0 = Release|Any CPU
		{EDF3B671-05C9-49E3-B6F7-32F5A733DAEE}.Release|x64.ActiveCfg = Release|Any CPU
		{EDF3B671-05C9-49E3-B6F7-32F5A733DAEE}.Release|x64.Build.0 = Release|Any CPU
		{EC1705CB-469A-417D-8F2C-5A15DDAFAD73}.Debug|Any CPU.ActiveCfg = Debug|Any CPU
		{EC1705CB-469A-417D-8F2C-5A15DDAFAD73}.Debug|Any CPU.Build.0 = Debug|Any CPU
		{EC1705CB-469A-417D-8F2C-5A15DDAFAD73}.Debug|x64.ActiveCfg = Debug|Any CPU
		{EC1705CB-469A-417D-8F2C-5A15DDAFAD73}.Debug|x64.Build.0 = Debug|Any CPU
		{EC1705CB-469A-417D-8F2C-5A15DDAFAD73}.Release|Any CPU.ActiveCfg = Release|Any CPU
		{EC1705CB-469A-417D-8F2C-5A15DDAFAD73}.Release|Any CPU.Build.0 = Release|Any CPU
		{EC1705CB-469A-417D-8F2C-5A15DDAFAD73}.Release|x64.ActiveCfg = Release|Any CPU
		{EC1705CB-469A-417D-8F2C-5A15DDAFAD73}.Release|x64.Build.0 = Release|Any CPU
	EndGlobalSection
	GlobalSection(SolutionProperties) = preSolution
		HideSolutionNode = FALSE
	EndGlobalSection
	GlobalSection(NestedProjects) = preSolution
		{F0701297-62BD-4358-A43C-3BD877BB2622} = {D5435E2C-5232-4D94-91DE-6FC9D6CE0E20}
		{FD0C34AB-9BAB-4662-AAD1-CA4BA831BCDA} = {20B4967C-A8A7-4393-ABDF-E1B0F1979193}
		{B7836777-8088-4335-85FE-932BB06E221F} = {20B4967C-A8A7-4393-ABDF-E1B0F1979193}
		{0B3A0854-042A-4488-A70E-E22982136E72} = {B7836777-8088-4335-85FE-932BB06E221F}
		{D5096B5F-E552-4B89-B904-045C82882CDD} = {B7836777-8088-4335-85FE-932BB06E221F}
		{5B1C40E9-F53C-4B96-8266-11BB2CFF8F47} = {FD0C34AB-9BAB-4662-AAD1-CA4BA831BCDA}
		{4A3058DF-3986-4A4F-8B30-C6CE43EEC9BC} = {FD0C34AB-9BAB-4662-AAD1-CA4BA831BCDA}
		{966D59CC-7E6C-4CB5-97F5-6ACB9F25359F} = {56E585AB-BFF9-4AC3-ABE6-FFBAD0B4F466}
		{CF849BA5-C14B-40A3-BAFB-722543F6AF6C} = {56E585AB-BFF9-4AC3-ABE6-FFBAD0B4F466}
		{C332ECAC-E34A-4BC4-B9B6-E5A973919D9E} = {B7836777-8088-4335-85FE-932BB06E221F}
		{F6D03FC5-7312-4D61-BE90-3F47CBF0C6F3} = {5FEFA5DF-4E8E-487F-8AB0-FC8F398B6D17}
		{9620BE2D-0F24-4499-9B1A-36313E06A67D} = {5FEFA5DF-4E8E-487F-8AB0-FC8F398B6D17}
		{EDF3B671-05C9-49E3-B6F7-32F5A733DAEE} = {5FEFA5DF-4E8E-487F-8AB0-FC8F398B6D17}
		{EC1705CB-469A-417D-8F2C-5A15DDAFAD73} = {32D97617-B742-49AA-ACE3-B822032473FD}
	EndGlobalSection
	GlobalSection(ExtensibilityGlobals) = postSolution
		SolutionGuid = {1AD45F20-F06C-4CBC-9DC4-D4D1D5DD0BE4}
	EndGlobalSection
EndGlobal
